
Microsoft Visual Studio Solution File, Format Version 12.00
# Visual Studio Version 16
VisualStudioVersion = 25.0.1706.7
MinimumVisualStudioVersion = 10.0.40219.1
Project("{FAE04EC0-301F-11D3-BF4B-00C04F79EFBC}") = "TimeSpan", "TimeSpan.csproj", "{3E348449-1218-4A88-A7E1-B79B4622A1EB}"
EndProject
Global
	GlobalSection(SolutionConfigurationPlatforms) = preSolution
		Debug|Any CPU = Debug|Any CPU
		Release|Any CPU = Release|Any CPU
	EndGlobalSection
	GlobalSection(ProjectConfigurationPlatforms) = postSolution
		{3E348449-1218-4A88-A7E1-B79B4622A1EB}.Debug|Any CPU.ActiveCfg = Debug|Any CPU
		{3E348449-1218-4A88-A7E1-B79B4622A1EB}.Debug|Any CPU.Build.0 = Debug|Any CPU
		{3E348449-1218-4A88-A7E1-B79B4622A1EB}.Release|Any CPU.ActiveCfg = Release|Any CPU
		{3E348449-1218-4A88-A7E1-B79B4622A1EB}.Release|Any CPU.Build.0 = Release|Any CPU
	EndGlobalSection
	GlobalSection(SolutionProperties) = preSolution
		HideSolutionNode = FALSE
	EndGlobalSection
	GlobalSection(ExtensibilityGlobals) = postSolution
		SolutionGuid = {FA6675F1-AE68-4294-AD85-A416D90645B4}
	EndGlobalSection
EndGlobal
